// !$*UTF8*$!
{
	archiveVersion = 1;
	classes = {
	};
	objectVersion = 56;
	objects = {

/* Begin PBXBuildFile section */
		B59D5C492B1644020066ED8B /* TranslationsApp.swift in Sources */ = {isa = PBXBuildFile; fileRef = B59D5C482B1644020066ED8B /* TranslationsApp.swift */; };
		B59D5C4B2B1644020066ED8B /* ContentView.swift in Sources */ = {isa = PBXBuildFile; fileRef = B59D5C4A2B1644020066ED8B /* ContentView.swift */; };
		B59D5C4D2B1644050066ED8B /* Assets.xcassets in Resources */ = {isa = PBXBuildFile; fileRef = B59D5C4C2B1644050066ED8B /* Assets.xcassets */; };
		B59D5C502B1644050066ED8B /* Preview Assets.xcassets in Resources */ = {isa = PBXBuildFile; fileRef = B59D5C4F2B1644050066ED8B /* Preview Assets.xcassets */; };
		B59D5C582B16466D0066ED8B /* Localizable.strings in Resources */ = {isa = PBXBuildFile; fileRef = B59D5C5A2B16466D0066ED8B /* Localizable.strings */; };
/* End PBXBuildFile section */

/* Begin PBXFileReference section */
		B59D5C452B1644020066ED8B /* Translations.app */ = {isa = PBXFileReference; explicitFileType = wrapper.application; includeInIndex = 0; path = Translations.app; sourceTree = BUILT_PRODUCTS_DIR; };
		B59D5C482B1644020066ED8B /* TranslationsApp.swift */ = {isa = PBXFileReference; lastKnownFileType = sourcecode.swift; path = TranslationsApp.swift; sourceTree = "<group>"; };
		B59D5C4A2B1644020066ED8B /* ContentView.swift */ = {isa = PBXFileReference; lastKnownFileType = sourcecode.swift; path = ContentView.swift; sourceTree = "<group>"; };
		B59D5C4C2B1644050066ED8B /* Assets.xcassets */ = {isa = PBXFileReference; lastKnownFileType = folder.assetcatalog; path = Assets.xcassets; sourceTree = "<group>"; };
		B59D5C4F2B1644050066ED8B /* Preview Assets.xcassets */ = {isa = PBXFileReference; lastKnownFileType = folder.assetcatalog; path = "Preview Assets.xcassets"; sourceTree = "<group>"; };
		B59D5C592B16466D0066ED8B /* en */ = {isa = PBXFileReference; lastKnownFileType = text.plist.strings; name = en; path = en.lproj/Localizable.strings; sourceTree = "<group>"; };
		B59D5C5B2B16466F0066ED8B /* fr */ = {isa = PBXFileReference; lastKnownFileType = text.plist.strings; name = fr; path = fr.lproj/Localizable.strings; sourceTree = "<group>"; };
		B59D5C5C2B1648300066ED8B /* es */ = {isa = PBXFileReference; lastKnownFileType = text.plist.strings; name = es; path = es.lproj/Localizable.strings; sourceTree = "<group>"; };
		B59D5C5D2B1648370066ED8B /* it */ = {isa = PBXFileReference; lastKnownFileType = text.plist.strings; name = it; path = it.lproj/Localizable.strings; sourceTree = "<group>"; };
		B59D5C5E2B1648410066ED8B /* de */ = {isa = PBXFileReference; lastKnownFileType = text.plist.strings; name = de; path = de.lproj/Localizable.strings; sourceTree = "<group>"; };
		B59D5C5F2B16484C0066ED8B /* pt-PT */ = {isa = PBXFileReference; lastKnownFileType = text.plist.strings; name = "pt-PT"; path = "pt-PT.lproj/Localizable.strings"; sourceTree = "<group>"; };
		B59D5C602B1648530066ED8B /* pt-BR */ = {isa = PBXFileReference; lastKnownFileType = text.plist.strings; name = "pt-BR"; path = "pt-BR.lproj/Localizable.strings"; sourceTree = "<group>"; };
		B59D5C612B16494F0066ED8B /* cs */ = {isa = PBXFileReference; lastKnownFileType = text.plist.strings; name = cs; path = cs.lproj/Localizable.strings; sourceTree = "<group>"; };
		B59D5C622B1649560066ED8B /* pl */ = {isa = PBXFileReference; lastKnownFileType = text.plist.strings; name = pl; path = pl.lproj/Localizable.strings; sourceTree = "<group>"; };
		B59D5C632B1649720066ED8B /* lt */ = {isa = PBXFileReference; lastKnownFileType = text.plist.strings; name = lt; path = lt.lproj/Localizable.strings; sourceTree = "<group>"; };
		B59D5C642B16497F0066ED8B /* ro */ = {isa = PBXFileReference; lastKnownFileType = text.plist.strings; name = ro; path = ro.lproj/Localizable.strings; sourceTree = "<group>"; };
		B59D5C652B1649890066ED8B /* sk */ = {isa = PBXFileReference; lastKnownFileType = text.plist.strings; name = sk; path = sk.lproj/Localizable.strings; sourceTree = "<group>"; };
		B59D5C662B164A750066ED8B /* de-AT */ = {isa = PBXFileReference; lastKnownFileType = text.plist.strings; name = "de-AT"; path = "de-AT.lproj/Localizable.strings"; sourceTree = "<group>"; };
		B59D5C672B164A830066ED8B /* de-CH */ = {isa = PBXFileReference; lastKnownFileType = text.plist.strings; name = "de-CH"; path = "de-CH.lproj/Localizable.strings"; sourceTree = "<group>"; };
		B59D5C682B164A910066ED8B /* en-GB */ = {isa = PBXFileReference; lastKnownFileType = text.plist.strings; name = "en-GB"; path = "en-GB.lproj/Localizable.strings"; sourceTree = "<group>"; };
		B59D5C692B164AAA0066ED8B /* en-CA */ = {isa = PBXFileReference; lastKnownFileType = text.plist.strings; name = "en-CA"; path = "en-CA.lproj/Localizable.strings"; sourceTree = "<group>"; };
		B59D5C6A2B164ABD0066ED8B /* en-IE */ = {isa = PBXFileReference; lastKnownFileType = text.plist.strings; name = "en-IE"; path = "en-IE.lproj/Localizable.strings"; sourceTree = "<group>"; };
		B59D5C6B2B164AD00066ED8B /* en-NZ */ = {isa = PBXFileReference; lastKnownFileType = text.plist.strings; name = "en-NZ"; path = "en-NZ.lproj/Localizable.strings"; sourceTree = "<group>"; };
		B59D5C6C2B164AF60066ED8B /* es-CL */ = {isa = PBXFileReference; lastKnownFileType = text.plist.strings; name = "es-CL"; path = "es-CL.lproj/Localizable.strings"; sourceTree = "<group>"; };
		B59D5C6D2B164B0D0066ED8B /* es-MX */ = {isa = PBXFileReference; lastKnownFileType = text.plist.strings; name = "es-MX"; path = "es-MX.lproj/Localizable.strings"; sourceTree = "<group>"; };
		B59D5C6E2B164B2B0066ED8B /* fr-BE */ = {isa = PBXFileReference; lastKnownFileType = text.plist.strings; name = "fr-BE"; path = "fr-BE.lproj/Localizable.strings"; sourceTree = "<group>"; };
		B59D5C6F2B164B440066ED8B /* fr-CA */ = {isa = PBXFileReference; lastKnownFileType = text.plist.strings; name = "fr-CA"; path = "fr-CA.lproj/Localizable.strings"; sourceTree = "<group>"; };
		B59D5C702B164B5D0066ED8B /* fr-CH */ = {isa = PBXFileReference; lastKnownFileType = text.plist.strings; name = "fr-CH"; path = "fr-CH.lproj/Localizable.strings"; sourceTree = "<group>"; };
		B59D5C712B164BC50066ED8B /* nl */ = {isa = PBXFileReference; lastKnownFileType = text.plist.strings; name = nl; path = nl.lproj/Localizable.strings; sourceTree = "<group>"; };
		B59D5C722B164BD50066ED8B /* nl-BE */ = {isa = PBXFileReference; lastKnownFileType = text.plist.strings; name = "nl-BE"; path = "nl-BE.lproj/Localizable.strings"; sourceTree = "<group>"; };
/* End PBXFileReference section */

/* Begin PBXFrameworksBuildPhase section */
		B59D5C422B1644020066ED8B /* Frameworks */ = {
			isa = PBXFrameworksBuildPhase;
			buildActionMask = 2147483647;
			files = (
			);
			runOnlyForDeploymentPostprocessing = 0;
		};
/* End PBXFrameworksBuildPhase section */

/* Begin PBXGroup section */
		B59D5C3C2B1644020066ED8B = {
			isa = PBXGroup;
			children = (
				B59D5C472B1644020066ED8B /* Translations */,
				B59D5C462B1644020066ED8B /* Products */,
			);
			sourceTree = "<group>";
		};
		B59D5C462B1644020066ED8B /* Products */ = {
			isa = PBXGroup;
			children = (
				B59D5C452B1644020066ED8B /* Translations.app */,
			);
			name = Products;
			sourceTree = "<group>";
		};
		B59D5C472B1644020066ED8B /* Translations */ = {
			isa = PBXGroup;
			children = (
				B59D5C482B1644020066ED8B /* TranslationsApp.swift */,
				B59D5C4A2B1644020066ED8B /* ContentView.swift */,
				B59D5C5A2B16466D0066ED8B /* Localizable.strings */,
				B59D5C4C2B1644050066ED8B /* Assets.xcassets */,
				B59D5C4E2B1644050066ED8B /* Preview Content */,
			);
			path = Translations;
			sourceTree = "<group>";
		};
		B59D5C4E2B1644050066ED8B /* Preview Content */ = {
			isa = PBXGroup;
			children = (
				B59D5C4F2B1644050066ED8B /* Preview Assets.xcassets */,
			);
			path = "Preview Content";
			sourceTree = "<group>";
		};
/* End PBXGroup section */

/* Begin PBXNativeTarget section */
		B59D5C442B1644020066ED8B /* Translations */ = {
			isa = PBXNativeTarget;
			buildConfigurationList = B59D5C532B1644050066ED8B /* Build configuration list for PBXNativeTarget "Translations" */;
			buildPhases = (
				B59D5C412B1644020066ED8B /* Sources */,
				B59D5C422B1644020066ED8B /* Frameworks */,
				B59D5C432B1644020066ED8B /* Resources */,
			);
			buildRules = (
			);
			dependencies = (
			);
			name = Translations;
			productName = Translations;
			productReference = B59D5C452B1644020066ED8B /* Translations.app */;
			productType = "com.apple.product-type.application";
		};
/* End PBXNativeTarget section */

/* Begin PBXProject section */
		B59D5C3D2B1644020066ED8B /* Project object */ = {
			isa = PBXProject;
			attributes = {
				BuildIndependentTargetsInParallel = 1;
				LastSwiftUpdateCheck = 1420;
				LastUpgradeCheck = 1420;
				TargetAttributes = {
					B59D5C442B1644020066ED8B = {
						CreatedOnToolsVersion = 14.2;
					};
				};
			};
			buildConfigurationList = B59D5C402B1644020066ED8B /* Build configuration list for PBXProject "Translations" */;
			compatibilityVersion = "Xcode 14.0";
			developmentRegion = en;
			hasScannedForEncodings = 0;
			knownRegions = (
				en,
				Base,
				fr,
				es,
				it,
				de,
				"pt-PT",
				"pt-BR",
				cs,
				pl,
				lt,
				ro,
				sk,
				"de-AT",
				"de-CH",
				"en-GB",
				"en-CA",
				"en-IE",
				"en-NZ",
				"es-CL",
				"es-MX",
				"fr-BE",
				"fr-CA",
				"fr-CH",
				nl,
				"nl-BE",
			);
			mainGroup = B59D5C3C2B1644020066ED8B;
			productRefGroup = B59D5C462B1644020066ED8B /* Products */;
			projectDirPath = "";
			projectRoot = "";
			targets = (
				B59D5C442B1644020066ED8B /* Translations */,
			);
		};
/* End PBXProject section */

/* Begin PBXResourcesBuildPhase section */
		B59D5C432B1644020066ED8B /* Resources */ = {
			isa = PBXResourcesBuildPhase;
			buildActionMask = 2147483647;
			files = (
				B59D5C502B1644050066ED8B /* Preview Assets.xcassets in Resources */,
				B59D5C582B16466D0066ED8B /* Localizable.strings in Resources */,
				B59D5C4D2B1644050066ED8B /* Assets.xcassets in Resources */,
			);
			runOnlyForDeploymentPostprocessing = 0;
		};
/* End PBXResourcesBuildPhase section */

/* Begin PBXSourcesBuildPhase section */
		B59D5C412B1644020066ED8B /* Sources */ = {
			isa = PBXSourcesBuildPhase;
			buildActionMask = 2147483647;
			files = (
				B59D5C4B2B1644020066ED8B /* ContentView.swift in Sources */,
				B59D5C492B1644020066ED8B /* TranslationsApp.swift in Sources */,
			);
			runOnlyForDeploymentPostprocessing = 0;
		};
/* End PBXSourcesBuildPhase section */

/* Begin PBXVariantGroup section */
		B59D5C5A2B16466D0066ED8B /* Localizable.strings */ = {
			isa = PBXVariantGroup;
			children = (
				B59D5C592B16466D0066ED8B /* en */,
				B59D5C5B2B16466F0066ED8B /* fr */,
				B59D5C5C2B1648300066ED8B /* es */,
				B59D5C5D2B1648370066ED8B /* it */,
				B59D5C5E2B1648410066ED8B /* de */,
				B59D5C5F2B16484C0066ED8B /* pt-PT */,
				B59D5C602B1648530066ED8B /* pt-BR */,
				B59D5C612B16494F0066ED8B /* cs */,
				B59D5C622B1649560066ED8B /* pl */,
				B59D5C632B1649720066ED8B /* lt */,
				B59D5C642B16497F0066ED8B /* ro */,
				B59D5C652B1649890066ED8B /* sk */,
				B59D5C662B164A750066ED8B /* de-AT */,
				B59D5C672B164A830066ED8B /* de-CH */,
				B59D5C682B164A910066ED8B /* en-GB */,
				B59D5C692B164AAA0066ED8B /* en-CA */,
				B59D5C6A2B164ABD0066ED8B /* en-IE */,
				B59D5C6B2B164AD00066ED8B /* en-NZ */,
				B59D5C6C2B164AF60066ED8B /* es-CL */,
				B59D5C6D2B164B0D0066ED8B /* es-MX */,
				B59D5C6E2B164B2B0066ED8B /* fr-BE */,
				B59D5C6F2B164B440066ED8B /* fr-CA */,
				B59D5C702B164B5D0066ED8B /* fr-CH */,
				B59D5C712B164BC50066ED8B /* nl */,
				B59D5C722B164BD50066ED8B /* nl-BE */,
			);
			name = Localizable.strings;
			sourceTree = "<group>";
		};
/* End PBXVariantGroup section */

/* Begin XCBuildConfiguration section */
		B59D5C512B1644050066ED8B /* Debug */ = {
			isa = XCBuildConfiguration;
			buildSettings = {
				ALWAYS_SEARCH_USER_PATHS = NO;
				CLANG_ANALYZER_NONNULL = YES;
				CLANG_ANALYZER_NUMBER_OBJECT_CONVERSION = YES_AGGRESSIVE;
				CLANG_CXX_LANGUAGE_STANDARD = "gnu++20";
				CLANG_ENABLE_MODULES = YES;
				CLANG_ENABLE_OBJC_ARC = YES;
				CLANG_ENABLE_OBJC_WEAK = YES;
				CLANG_WARN_BLOCK_CAPTURE_AUTORELEASING = YES;
				CLANG_WARN_BOOL_CONVERSION = YES;
				CLANG_WARN_COMMA = YES;
				CLANG_WARN_CONSTANT_CONVERSION = YES;
				CLANG_WARN_DEPRECATED_OBJC_IMPLEMENTATIONS = YES;
				CLANG_WARN_DIRECT_OBJC_ISA_USAGE = YES_ERROR;
				CLANG_WARN_DOCUMENTATION_COMMENTS = YES;
				CLANG_WARN_EMPTY_BODY = YES;
				CLANG_WARN_ENUM_CONVERSION = YES;
				CLANG_WARN_INFINITE_RECURSION = YES;
				CLANG_WARN_INT_CONVERSION = YES;
				CLANG_WARN_NON_LITERAL_NULL_CONVERSION = YES;
				CLANG_WARN_OBJC_IMPLICIT_RETAIN_SELF = YES;
				CLANG_WARN_OBJC_LITERAL_CONVERSION = YES;
				CLANG_WARN_OBJC_ROOT_CLASS = YES_ERROR;
				CLANG_WARN_QUOTED_INCLUDE_IN_FRAMEWORK_HEADER = YES;
				CLANG_WARN_RANGE_LOOP_ANALYSIS = YES;
				CLANG_WARN_STRICT_PROTOTYPES = YES;
				CLANG_WARN_SUSPICIOUS_MOVE = YES;
				CLANG_WARN_UNGUARDED_AVAILABILITY = YES_AGGRESSIVE;
				CLANG_WARN_UNREACHABLE_CODE = YES;
				CLANG_WARN__DUPLICATE_METHOD_MATCH = YES;
				COPY_PHASE_STRIP = NO;
				DEBUG_INFORMATION_FORMAT = dwarf;
				ENABLE_STRICT_OBJC_MSGSEND = YES;
				ENABLE_TESTABILITY = YES;
				GCC_C_LANGUAGE_STANDARD = gnu11;
				GCC_DYNAMIC_NO_PIC = NO;
				GCC_NO_COMMON_BLOCKS = YES;
				GCC_OPTIMIZATION_LEVEL = 0;
				GCC_PREPROCESSOR_DEFINITIONS = (
					"DEBUG=1",
					"$(inherited)",
				);
				GCC_WARN_64_TO_32_BIT_CONVERSION = YES;
				GCC_WARN_ABOUT_RETURN_TYPE = YES_ERROR;
				GCC_WARN_UNDECLARED_SELECTOR = YES;
				GCC_WARN_UNINITIALIZED_AUTOS = YES_AGGRESSIVE;
				GCC_WARN_UNUSED_FUNCTION = YES;
				GCC_WARN_UNUSED_VARIABLE = YES;
				IPHONEOS_DEPLOYMENT_TARGET = 16.2;
				MTL_ENABLE_DEBUG_INFO = INCLUDE_SOURCE;
				MTL_FAST_MATH = YES;
				ONLY_ACTIVE_ARCH = YES;
				SDKROOT = iphoneos;
				SWIFT_ACTIVE_COMPILATION_CONDITIONS = DEBUG;
				SWIFT_OPTIMIZATION_LEVEL = "-Onone";
			};
			name = Debug;
		};
		B59D5C522B1644050066ED8B /* Release */ = {
			isa = XCBuildConfiguration;
			buildSettings = {
				ALWAYS_SEARCH_USER_PATHS = NO;
				CLANG_ANALYZER_NONNULL = YES;
				CLANG_ANALYZER_NUMBER_OBJECT_CONVERSION = YES_AGGRESSIVE;
				CLANG_CXX_LANGUAGE_STANDARD = "gnu++20";
				CLANG_ENABLE_MODULES = YES;
				CLANG_ENABLE_OBJC_ARC = YES;
				CLANG_ENABLE_OBJC_WEAK = YES;
				CLANG_WARN_BLOCK_CAPTURE_AUTORELEASING = YES;
				CLANG_WARN_BOOL_CONVERSION = YES;
				CLANG_WARN_COMMA = YES;
				CLANG_WARN_CONSTANT_CONVERSION = YES;
				CLANG_WARN_DEPRECATED_OBJC_IMPLEMENTATIONS = YES;
				CLANG_WARN_DIRECT_OBJC_ISA_USAGE = YES_ERROR;
				CLANG_WARN_DOCUMENTATION_COMMENTS = YES;
				CLANG_WARN_EMPTY_BODY = YES;
				CLANG_WARN_ENUM_CONVERSION = YES;
				CLANG_WARN_INFINITE_RECURSION = YES;
				CLANG_WARN_INT_CONVERSION = YES;
				CLANG_WARN_NON_LITERAL_NULL_CONVERSION = YES;
				CLANG_WARN_OBJC_IMPLICIT_RETAIN_SELF = YES;
				CLANG_WARN_OBJC_LITERAL_CONVERSION = YES;
				CLANG_WARN_OBJC_ROOT_CLASS = YES_ERROR;
				CLANG_WARN_QUOTED_INCLUDE_IN_FRAMEWORK_HEADER = YES;
				CLANG_WARN_RANGE_LOOP_ANALYSIS = YES;
				CLANG_WARN_STRICT_PROTOTYPES = YES;
				CLANG_WARN_SUSPICIOUS_MOVE = YES;
				CLANG_WARN_UNGUARDED_AVAILABILITY = YES_AGGRESSIVE;
				CLANG_WARN_UNREACHABLE_CODE = YES;
				CLANG_WARN__DUPLICATE_METHOD_MATCH = YES;
				COPY_PHASE_STRIP = NO;
				DEBUG_INFORMATION_FORMAT = "dwarf-with-dsym";
				ENABLE_NS_ASSERTIONS = NO;
				ENABLE_STRICT_OBJC_MSGSEND = YES;
				GCC_C_LANGUAGE_STANDARD = gnu11;
				GCC_NO_COMMON_BLOCKS = YES;
				GCC_WARN_64_TO_32_BIT_CONVERSION = YES;
				GCC_WARN_ABOUT_RETURN_TYPE = YES_ERROR;
				GCC_WARN_UNDECLARED_SELECTOR = YES;
				GCC_WARN_UNINITIALIZED_AUTOS = YES_AGGRESSIVE;
				GCC_WARN_UNUSED_FUNCTION = YES;
				GCC_WARN_UNUSED_VARIABLE = YES;
				IPHONEOS_DEPLOYMENT_TARGET = 16.2;
				MTL_ENABLE_DEBUG_INFO = NO;
				MTL_FAST_MATH = YES;
				SDKROOT = iphoneos;
				SWIFT_COMPILATION_MODE = wholemodule;
				SWIFT_OPTIMIZATION_LEVEL = "-O";
				VALIDATE_PRODUCT = YES;
			};
			name = Release;
		};
		B59D5C542B1644050066ED8B /* Debug */ = {
			isa = XCBuildConfiguration;
			buildSettings = {
				ASSETCATALOG_COMPILER_APPICON_NAME = AppIcon;
				ASSETCATALOG_COMPILER_GLOBAL_ACCENT_COLOR_NAME = AccentColor;
				CODE_SIGN_STYLE = Automatic;
				CURRENT_PROJECT_VERSION = 1;
				DEVELOPMENT_ASSET_PATHS = "\"Translations/Preview Content\"";
				ENABLE_PREVIEWS = YES;
				GENERATE_INFOPLIST_FILE = YES;
				INFOPLIST_KEY_UIApplicationSceneManifest_Generation = YES;
				INFOPLIST_KEY_UIApplicationSupportsIndirectInputEvents = YES;
				INFOPLIST_KEY_UILaunchScreen_Generation = YES;
				INFOPLIST_KEY_UISupportedInterfaceOrientations_iPad = "UIInterfaceOrientationPortrait UIInterfaceOrientationPortraitUpsideDown UIInterfaceOrientationLandscapeLeft UIInterfaceOrientationLandscapeRight";
				INFOPLIST_KEY_UISupportedInterfaceOrientations_iPhone = "UIInterfaceOrientationPortrait UIInterfaceOrientationLandscapeLeft UIInterfaceOrientationLandscapeRight";
				LD_RUNPATH_SEARCH_PATHS = (
					"$(inherited)",
					"@executable_path/Frameworks",
				);
				MARKETING_VERSION = 1.0;
				PRODUCT_BUNDLE_IDENTIFIER = com.ITC.Translations;
				PRODUCT_NAME = "$(TARGET_NAME)";
				SWIFT_EMIT_LOC_STRINGS = YES;
				SWIFT_VERSION = 5.0;
				TARGETED_DEVICE_FAMILY = "1,2";
			};
			name = Debug;
		};
		B59D5C552B1644050066ED8B /* Release */ = {
			isa = XCBuildConfiguration;
			buildSettings = {
				ASSETCATALOG_COMPILER_APPICON_NAME = AppIcon;
				ASSETCATALOG_COMPILER_GLOBAL_ACCENT_COLOR_NAME = AccentColor;
				CODE_SIGN_STYLE = Automatic;
				CURRENT_PROJECT_VERSION = 1;
				DEVELOPMENT_ASSET_PATHS = "\"Translations/Preview Content\"";
				ENABLE_PREVIEWS = YES;
				GENERATE_INFOPLIST_FILE = YES;
				INFOPLIST_KEY_UIApplicationSceneManifest_Generation = YES;
				INFOPLIST_KEY_UIApplicationSupportsIndirectInputEvents = YES;
				INFOPLIST_KEY_UILaunchScreen_Generation = YES;
				INFOPLIST_KEY_UISupportedInterfaceOrientations_iPad = "UIInterfaceOrientationPortrait UIInterfaceOrientationPortraitUpsideDown UIInterfaceOrientationLandscapeLeft UIInterfaceOrientationLandscapeRight";
				INFOPLIST_KEY_UISupportedInterfaceOrientations_iPhone = "UIInterfaceOrientationPortrait UIInterfaceOrientationLandscapeLeft UIInterfaceOrientationLandscapeRight";
				LD_RUNPATH_SEARCH_PATHS = (
					"$(inherited)",
					"@executable_path/Frameworks",
				);
				MARKETING_VERSION = 1.0;
				PRODUCT_BUNDLE_IDENTIFIER = com.ITC.Translations;
				PRODUCT_NAME = "$(TARGET_NAME)";
				SWIFT_EMIT_LOC_STRINGS = YES;
				SWIFT_VERSION = 5.0;
				TARGETED_DEVICE_FAMILY = "1,2";
			};
			name = Release;
		};
/* End XCBuildConfiguration section */

/* Begin XCConfigurationList section */
		B59D5C402B1644020066ED8B /* Build configuration list for PBXProject "Translations" */ = {
			isa = XCConfigurationList;
			buildConfigurations = (
				B59D5C512B1644050066ED8B /* Debug */,
				B59D5C522B1644050066ED8B /* Release */,
			);
			defaultConfigurationIsVisible = 0;
			defaultConfigurationName = Release;
		};
		B59D5C532B1644050066ED8B /* Build configuration list for PBXNativeTarget "Translations" */ = {
			isa = XCConfigurationList;
			buildConfigurations = (
				B59D5C542B1644050066ED8B /* Debug */,
				B59D5C552B1644050066ED8B /* Release */,
			);
			defaultConfigurationIsVisible = 0;
			defaultConfigurationName = Release;
		};
/* End XCConfigurationList section */
	};
	rootObject = B59D5C3D2B1644020066ED8B /* Project object */;
}
